
Microsoft Visual Studio Solution File, Format Version 12.00
# Visual Studio Version 17
VisualStudioVersion = 17.0.31903.59
MinimumVisualStudioVersion = 10.0.40219.1
Project("{9A19103F-16F7-4668-BE54-9A1E7A4F7556}") = "Kakama.Api", "Kakama.Api\Kakama.Api.csproj", "{29BFFD87-F18D-47A4-9C1C-6FF4D1771142}"
EndProject
Project("{9A19103F-16F7-4668-BE54-9A1E7A4F7556}") = "Kakama.Web", "Kakama.Web\Kakama.Web.csproj", "{A6F32AAB-9FA6-4178-8CF7-A96337FDFBD1}"
EndProject
Project("{9A19103F-16F7-4668-BE54-9A1E7A4F7556}") = "KristofferStrube.ActivityStreams", "..\ActivityStreams\src\KristofferStrube.ActivityStreams\KristofferStrube.ActivityStreams.csproj", "{0686FD92-7B27-4938-B1E6-460A76264779}"
EndProject
Project("{D954291E-2A0B-460D-934E-DC6B0785DB48}") = "SethCS", "..\SethCS\SethCS\SethCS.shproj", "{52089274-B9A2-4A47-A221-C321DEE1CE7F}"
EndProject
Project("{9A19103F-16F7-4668-BE54-9A1E7A4F7556}") = "LibSethCS", "..\SethCS\LibSethCS\LibSethCS.csproj", "{91112AC3-8E75-4D04-96C9-A38EF64EA03B}"
EndProject
Project("{9A19103F-16F7-4668-BE54-9A1E7A4F7556}") = "Kakama.Tests", "Kakama.Tests\Kakama.Tests.csproj", "{D37008A8-ABD9-4923-94DF-41B7A2FCDE25}"
EndProject
Project("{9A19103F-16F7-4668-BE54-9A1E7A4F7556}") = "Seth.Analyzer", "..\SethCS\Seth.Analyzer\Seth.Analyzer.csproj", "{C7275AA4-B4C7-43C1-9377-91411AA817BF}"
EndProject
Project("{FAE04EC0-301F-11D3-BF4B-00C04F79EFBC}") = "Kakama.Ui", "Kakama.Ui\Kakama.Ui.csproj", "{AB0837CC-051D-4371-8F70-A70A768FA2CD}"
EndProject
Global
	GlobalSection(SolutionConfigurationPlatforms) = preSolution
		Debug|Any CPU = Debug|Any CPU
		Release|Any CPU = Release|Any CPU
	EndGlobalSection
	GlobalSection(ProjectConfigurationPlatforms) = postSolution
		{29BFFD87-F18D-47A4-9C1C-6FF4D1771142}.Debug|Any CPU.ActiveCfg = Debug|Any CPU
		{29BFFD87-F18D-47A4-9C1C-6FF4D1771142}.Debug|Any CPU.Build.0 = Debug|Any CPU
		{29BFFD87-F18D-47A4-9C1C-6FF4D1771142}.Release|Any CPU.ActiveCfg = Release|Any CPU
		{29BFFD87-F18D-47A4-9C1C-6FF4D1771142}.Release|Any CPU.Build.0 = Release|Any CPU
		{A6F32AAB-9FA6-4178-8CF7-A96337FDFBD1}.Debug|Any CPU.ActiveCfg = Debug|Any CPU
		{A6F32AAB-9FA6-4178-8CF7-A96337FDFBD1}.Debug|Any CPU.Build.0 = Debug|Any CPU
		{A6F32AAB-9FA6-4178-8CF7-A96337FDFBD1}.Release|Any CPU.ActiveCfg = Release|Any CPU
		{A6F32AAB-9FA6-4178-8CF7-A96337FDFBD1}.Release|Any CPU.Build.0 = Release|Any CPU
		{0686FD92-7B27-4938-B1E6-460A76264779}.Debug|Any CPU.ActiveCfg = Debug|Any CPU
		{0686FD92-7B27-4938-B1E6-460A76264779}.Debug|Any CPU.Build.0 = Debug|Any CPU
		{0686FD92-7B27-4938-B1E6-460A76264779}.Release|Any CPU.ActiveCfg = Release|Any CPU
		{0686FD92-7B27-4938-B1E6-460A76264779}.Release|Any CPU.Build.0 = Release|Any CPU
		{91112AC3-8E75-4D04-96C9-A38EF64EA03B}.Debug|Any CPU.ActiveCfg = Debug|Any CPU
		{91112AC3-8E75-4D04-96C9-A38EF64EA03B}.Debug|Any CPU.Build.0 = Debug|Any CPU
		{91112AC3-8E75-4D04-96C9-A38EF64EA03B}.Release|Any CPU.ActiveCfg = Release|Any CPU
		{91112AC3-8E75-4D04-96C9-A38EF64EA03B}.Release|Any CPU.Build.0 = Release|Any CPU
		{D37008A8-ABD9-4923-94DF-41B7A2FCDE25}.Debug|Any CPU.ActiveCfg = Debug|Any CPU
		{D37008A8-ABD9-4923-94DF-41B7A2FCDE25}.Debug|Any CPU.Build.0 = Debug|Any CPU
		{D37008A8-ABD9-4923-94DF-41B7A2FCDE25}.Release|Any CPU.ActiveCfg = Release|Any CPU
		{D37008A8-ABD9-4923-94DF-41B7A2FCDE25}.Release|Any CPU.Build.0 = Release|Any CPU
		{C7275AA4-B4C7-43C1-9377-91411AA817BF}.Debug|Any CPU.ActiveCfg = Debug|Any CPU
		{C7275AA4-B4C7-43C1-9377-91411AA817BF}.Debug|Any CPU.Build.0 = Debug|Any CPU
		{C7275AA4-B4C7-43C1-9377-91411AA817BF}.Release|Any CPU.ActiveCfg = Release|Any CPU
		{C7275AA4-B4C7-43C1-9377-91411AA817BF}.Release|Any CPU.Build.0 = Release|Any CPU
		{AB0837CC-051D-4371-8F70-A70A768FA2CD}.Debug|Any CPU.ActiveCfg = Debug|Any CPU
		{AB0837CC-051D-4371-8F70-A70A768FA2CD}.Debug|Any CPU.Build.0 = Debug|Any CPU
		{AB0837CC-051D-4371-8F70-A70A768FA2CD}.Release|Any CPU.ActiveCfg = Release|Any CPU
		{AB0837CC-051D-4371-8F70-A70A768FA2CD}.Release|Any CPU.Build.0 = Release|Any CPU
	EndGlobalSection
	GlobalSection(SolutionProperties) = preSolution
		HideSolutionNode = FALSE
	EndGlobalSection
	GlobalSection(ExtensibilityGlobals) = postSolution
		SolutionGuid = {1BA285E5-CDC8-480C-8613-282FB6AB5B6C}
	EndGlobalSection
	GlobalSection(SharedMSBuildProjectFiles) = preSolution
		..\SethCS\SethCS\SethCS.projitems*{52089274-b9a2-4a47-a221-c321dee1ce7f}*SharedItemsImports = 13
		..\SethCS\SethCS\SethCS.projitems*{91112ac3-8e75-4d04-96c9-a38ef64ea03b}*SharedItemsImports = 5
	EndGlobalSection
EndGlobal
